
Microsoft Visual Studio Solution File, Format Version 12.00
# Visual Studio Version 17
VisualStudioVersion = 17.3.32901.215
MinimumVisualStudioVersion = 10.0.40219.1
Project("{FAE04EC0-301F-11D3-BF4B-00C04F79EFBC}") = "Activity 8", "Activity 8\Activity 8.csproj", "{BE94AE7A-ACBC-48E9-96F9-03B13C076EC4}"
EndProject
Global
	GlobalSection(SolutionConfigurationPlatforms) = preSolution
		Debug|Any CPU = Debug|Any CPU
		Release|Any CPU = Release|Any CPU
	EndGlobalSection
	GlobalSection(ProjectConfigurationPlatforms) = postSolution
		{BE94AE7A-ACBC-48E9-96F9-03B13C076EC4}.Debug|Any CPU.ActiveCfg = Debug|Any CPU
		{BE94AE7A-ACBC-48E9-96F9-03B13C076EC4}.Debug|Any CPU.Build.0 = Debug|Any CPU
		{BE94AE7A-ACBC-48E9-96F9-03B13C076EC4}.Release|Any CPU.ActiveCfg = Release|Any CPU
		{BE94AE7A-ACBC-48E9-96F9-03B13C076EC4}.Release|Any CPU.Build.0 = Release|Any CPU
	EndGlobalSection
	GlobalSection(SolutionProperties) = preSolution
		HideSolutionNode = FALSE
	EndGlobalSection
	GlobalSection(ExtensibilityGlobals) = postSolution
		SolutionGuid = {E7550F99-67AE-4CED-9DB9-1F176A7BEE90}
	EndGlobalSection
EndGlobal
